
Microsoft Visual Studio Solution File, Format Version 12.00
# Visual Studio Version 17
VisualStudioVersion = 17.7.34024.191
MinimumVisualStudioVersion = 10.0.40219.1
Project("{9A19103F-16F7-4668-BE54-9A1E7A4F7556}") = "Tresh.Api", "Tresh.Api\Tresh.Api.csproj", "{2A2129D3-5852-479A-A96D-E216DEC66515}"
EndProject
Project("{FAE04EC0-301F-11D3-BF4B-00C04F79EFBC}") = "Tresh.Dal", "Tresh.Dal\Tresh.Dal.csproj", "{9020B86F-ED19-4584-947F-A6D0A652A73A}"
EndProject
Project("{FAE04EC0-301F-11D3-BF4B-00C04F79EFBC}") = "Tresh.Domain", "Tresh.Domain\Tresh.Domain.csproj", "{D17EA4B3-2141-4D11-8CAF-E3E08356A4A4}"
EndProject
Global
	GlobalSection(SolutionConfigurationPlatforms) = preSolution
		Debug|Any CPU = Debug|Any CPU
		Release|Any CPU = Release|Any CPU
	EndGlobalSection
	GlobalSection(ProjectConfigurationPlatforms) = postSolution
		{2A2129D3-5852-479A-A96D-E216DEC66515}.Debug|Any CPU.ActiveCfg = Debug|Any CPU
		{2A2129D3-5852-479A-A96D-E216DEC66515}.Debug|Any CPU.Build.0 = Debug|Any CPU
		{2A2129D3-5852-479A-A96D-E216DEC66515}.Release|Any CPU.ActiveCfg = Release|Any CPU
		{2A2129D3-5852-479A-A96D-E216DEC66515}.Release|Any CPU.Build.0 = Release|Any CPU
		{9020B86F-ED19-4584-947F-A6D0A652A73A}.Debug|Any CPU.ActiveCfg = Debug|Any CPU
		{9020B86F-ED19-4584-947F-A6D0A652A73A}.Debug|Any CPU.Build.0 = Debug|Any CPU
		{9020B86F-ED19-4584-947F-A6D0A652A73A}.Release|Any CPU.ActiveCfg = Release|Any CPU
		{9020B86F-ED19-4584-947F-A6D0A652A73A}.Release|Any CPU.Build.0 = Release|Any CPU
		{D17EA4B3-2141-4D11-8CAF-E3E08356A4A4}.Debug|Any CPU.ActiveCfg = Debug|Any CPU
		{D17EA4B3-2141-4D11-8CAF-E3E08356A4A4}.Debug|Any CPU.Build.0 = Debug|Any CPU
		{D17EA4B3-2141-4D11-8CAF-E3E08356A4A4}.Release|Any CPU.ActiveCfg = Release|Any CPU
		{D17EA4B3-2141-4D11-8CAF-E3E08356A4A4}.Release|Any CPU.Build.0 = Release|Any CPU
	EndGlobalSection
	GlobalSection(SolutionProperties) = preSolution
		HideSolutionNode = FALSE
	EndGlobalSection
	GlobalSection(ExtensibilityGlobals) = postSolution
		SolutionGuid = {21928497-F0A7-457F-8D43-F2409EB6F932}
	EndGlobalSection
EndGlobal
